lockfileVersion: '9.0'

settings:
  autoInstallPeers: true
  excludeLinksFromLockfile: false

importers:

  .:
    dependencies:
      '@prisma/adapter-pg':
        specifier: ^7.5.0
        version: 7.5.0
      '@prisma/client':
        specifier: ^7.5.0
        version: 7.5.0(prisma@7.5.0(@types/react@19.2.14)(react-dom@19.2.4(react@19.2.4))(react@19.2.4)(typescript@5.9.3))(typescript@5.9.3)
      dotenv:
        specifier: ^17.3.1
        version: 17.3.1
      express:
        specifier: ^5.2.1
        version: 5.2.1
      node-pg-migrate:
        specifier: ^8.0.4
        version: 8.0.4(@types/pg@8.18.0)(pg@8.20.0)
      pg:
        specifier: ^8.20.0
        version: 8.20.0
      redis:
        specifier: ^5.11.0
        version: 5.11.0
    devDependencies:
      '@types/express':
        specifier: ^5.0.6
        version: 5.0.6
      '@types/node':
        specifier: ^25.5.0
        version: 25.5.0
      '@types/pg':
        specifier: ^8.18.0
        version: 8.18.0
      prisma:
        specifier: ^7.5.0
        version: 7.5.0(@types/react@19.2.14)(react-dom@19.2.4(react@19.2.4))(react@19.2.4)(typescript@5.9.3)
      ts-node:
        specifier: ^10.9.2
        version: 10.9.2(@types/node@25.5.0)(typescript@5.9.3)
      typescript:
        specifier: ^5.9.3
        version: 5.9.3

packages:

  '@chevrotain/cst-dts-gen@10.5.0':
    resolution: {integrity: sha1-ki69jMWdlyQbsBsbF1YaXBrgEk4=}

  '@chevrotain/gast@10.5.0':
    resolution: {integrity: sha1-5OYUvEbReoiSdC845WzTPx860WI=}

  '@chevrotain/types@10.5.0':
    resolution: {integrity: sha1-Uql9dKjPvBl/BUY22T7NiRLTPSE=}

  '@chevrotain/utils@10.5.0':
    resolution: {integrity: sha1-DuNvZbSbRH+6xxueWvXFxsmKwFc=}

  '@cspotcode/source-map-support@0.8.1':
    resolution: {integrity: sha1-AGKcNaaI4FqIsc2mhPudXnPwAKE=}
    engines: {node: '>=12'}

  '@electric-sql/pglite-socket@0.0.20':
    resolution: {integrity: sha1-C8rX8JJ8wslbjxtA1NbXnJboDPM=}
    hasBin: true
    peerDependencies:
      '@electric-sql/pglite': 0.3.15

  '@electric-sql/pglite-tools@0.2.20':
    resolution: {integrity: sha1-bRw9Ti1FoN2Pkcli9TkP7tdaFHI=}
    peerDependencies:
      '@electric-sql/pglite': 0.3.15

  '@electric-sql/pglite@0.3.15':
    resolution: {integrity: sha1-BzQJ3JprDCryYm0Cr4wiYpPGsFk=}

  '@hono/node-server@1.19.9':
    resolution: {integrity: sha1-jzcRmxrPKD/T9gNfPRNW/bl6Caw=}
    engines: {node: '>=18.14.1'}
    peerDependencies:
      hono: ^4

  '@isaacs/cliui@9.0.0':
    resolution: {integrity: sha1-TQo/EnBYBDvy5+4Wnq8w7ZATAvM=}
    engines: {node: '>=18'}

  '@jridgewell/resolve-uri@3.1.2':
    resolution: {integrity: sha1-eg7mAfYPmaIMfHxf8MgDiMEYm9Y=}
    engines: {node: '>=6.0.0'}

  '@jridgewell/sourcemap-codec@1.5.5':
    resolution: {integrity: sha1-aRKwDSxjHA0Vzhp6tXzWV/Ko+Lo=}

  '@jridgewell/trace-mapping@0.3.9':
    resolution: {integrity: sha1-ZTT9WTOlO6fL86F2FeJzoNEnP/k=}

  '@mrleebo/prisma-ast@0.13.1':
    resolution: {integrity: sha1-+rhT6JLU1BfUU2s4s41kDIY3RIE=}
    engines: {node: '>=16'}

  '@prisma/adapter-pg@7.5.0':
    resolution: {integrity: sha1-p5uWYGxIcR62YZmcXz4wWKgD8mE=}

  '@prisma/client-runtime-utils@7.5.0':
    resolution: {integrity: sha1-/YpKKwi/le/WnjcTg9koOTet56A=}

  '@prisma/client@7.5.0':
    resolution: {integrity: sha1-cgxhi3/5Yvs2SW386v9fqyQqB4U=}
    engines: {node: ^20.19 || ^22.12 || >=24.0}
    peerDependencies:
      prisma: '*'
      typescript: '>=5.4.0'
    peerDependenciesMeta:
      prisma:
        optional: true
      typescript:
        optional: true

  '@prisma/config@7.5.0':
    resolution: {integrity: sha1-XpoYnoS0c0pehxko4D8COy/Z7PE=}

  '@prisma/debug@7.2.0':
    resolution: {integrity: sha1-VpscvBDrPoyueYtAB1/RHSH2tTM=}

  '@prisma/debug@7.5.0':
    resolution: {integrity: sha1-BssWuLeh1Sv95WevQVCGCcdIMYY=}

  '@prisma/dev@0.20.0':
    resolution: {integrity: sha1-zcsdf3B4GLAkXVPZjOxMmY+4ukc=}

  '@prisma/driver-adapter-utils@7.5.0':
    resolution: {integrity: sha1-DQn2A7R7HZP7W3Y0Xk2khZsWh9k=}

  '@prisma/engines-version@7.5.0-15.280c870be64f457428992c43c1f6d557fab6e29e':
    resolution: {integrity: sha1-foC9B4zjnPFX3jsnAyzitn5m89I=}

  '@prisma/engines@7.5.0':
    resolution: {integrity: sha1-H27W9Y5b8xM39kVqEMnt+qfenJ8=}

  '@prisma/fetch-engine@7.5.0':
    resolution: {integrity: sha1-tTrn6eu9sQ+hMswl6RP70Nqt+cI=}

  '@prisma/get-platform@7.2.0':
    resolution: {integrity: sha1-s6ktto3mp26EDmHS8mZZqp+RXj4=}

  '@prisma/get-platform@7.5.0':
    resolution: {integrity: sha1-SZIuH+PYeUKYL5D1y5EkeR/Gb/c=}

  '@prisma/query-plan-executor@7.2.0':
    resolution: {integrity: sha1-ALIY14BmlX8lzK4JVLvvcIOWzJ8=}

  '@prisma/studio-core@0.21.1':
    resolution: {integrity: sha1-pblVzercEGhwIRCJLlv2hFDIeLY=}
    engines: {node: ^20.19 || ^22.12 || ^24.0, pnpm: '8'}
    peerDependencies:
      '@types/react': ^18.0.0 || ^19.0.0
      react: ^18.0.0 || ^19.0.0
      react-dom: ^18.0.0 || ^19.0.0

  '@redis/bloom@5.11.0':
    resolution: {integrity: sha1-klQJXbv+QITtnjxPkNv4UB25GrE=}
    engines: {node: '>= 18'}
    peerDependencies:
      '@redis/client': ^5.11.0

  '@redis/client@5.11.0':
    resolution: {integrity: sha1-+PBN/2j9qwxPrgsrsM/nCqdhRC4=}
    engines: {node: '>= 18'}
    peerDependencies:
      '@node-rs/xxhash': ^1.1.0
    peerDependenciesMeta:
      '@node-rs/xxhash':
        optional: true

  '@redis/json@5.11.0':
    resolution: {integrity: sha1-0yTLjqoy4uRADAEHktZ33LCjVKE=}
    engines: {node: '>= 18'}
    peerDependencies:
      '@redis/client': ^5.11.0

  '@redis/search@5.11.0':
    resolution: {integrity: sha1-JLU4XZY/il3jghx7mDfyxgzwzhE=}
    engines: {node: '>= 18'}
    peerDependencies:
      '@redis/client': ^5.11.0

  '@redis/time-series@5.11.0':
    resolution: {integrity: sha1-6vuM9/Z9cHfqPtLMJ+58o/xKA2k=}
    engines: {node: '>= 18'}
    peerDependencies:
      '@redis/client': ^5.11.0

  '@standard-schema/spec@1.1.0':
    resolution: {integrity: sha1-p5tV26+GBIEvUtFAssmrQbwVC7g=}

  '@tsconfig/node10@1.0.12':
    resolution: {integrity: sha1-vlfOrB5GkrQb6d5r6MMqEGY226Q=}

  '@tsconfig/node12@1.0.11':
    resolution: {integrity: sha1-7j3vHyfZ7WbaxuRqKVz/sBUuBY0=}

  '@tsconfig/node14@1.0.3':
    resolution: {integrity: sha1-5DhjFihPALmENb9A9y91oJ2r9sE=}

  '@tsconfig/node16@1.0.4':
    resolution: {integrity: sha1-C5LcwMwcgfbzBqOB8o4xsaVlNuk=}

  '@types/body-parser@1.19.6':
    resolution: {integrity: sha1-GFm+u4/X2smRikXVTBlxq4ta9HQ=}

  '@types/connect@3.4.38':
    resolution: {integrity: sha1-W6fzvE+73q/43e2VLl/yzFP42Fg=}

  '@types/express-serve-static-core@5.1.1':
    resolution: {integrity: sha1-Gnf6/+6VctORJJMyWb4lI4N9fqo=}

  '@types/express@5.0.6':
    resolution: {integrity: sha1-LXJLLJkNy4yERAY/NYCpA/bVAMw=}

  '@types/http-errors@2.0.5':
    resolution: {integrity: sha1-W3SasrFroRNCP+saZKldzTA5hHI=}

  '@types/node@25.5.0':
    resolution: {integrity: sha1-XJnzfEQ9nMxJhYZpE/HtNkIX2jE=}

  '@types/pg@8.11.11':
    resolution: {integrity: sha1-O9zgWA5SGmKmIzmlPREEWNnq5t8=}

  '@types/pg@8.18.0':
    resolution: {integrity: sha1-BTXjO9pFw0gD2Alxn3r8YsFF7VA=}

  '@types/qs@6.15.0':
    resolution: {integrity: sha1-ljq2F3mEP+kQY5pQZhtI8WK8f3k=}

  '@types/range-parser@1.2.7':
    resolution: {integrity: sha1-UK5DU+qt3AQEQnmBL1LIxlhX28s=}

  '@types/react@19.2.14':
    resolution: {integrity: sha1-OWBJKbXjlX46b6AAHa+xfHr3C60=}

  '@types/send@1.2.1':
    resolution: {integrity: sha1-anhORVQ8GMd0wEm/9tPbrwRcnHQ=}

  '@types/serve-static@2.2.0':
    resolution: {integrity: sha1-1KRHUD6tDRZxEy0atr1YuAXY3mo=}

  accepts@2.0.0:
    resolution: {integrity: sha1-u89LpQdUZ/PyEx6rPP/HPC9deJU=}
    engines: {node: '>= 0.6'}

  acorn-walk@8.3.5:
    resolution: {integrity: sha1-imuMqPxbNGha8V2rtEEYZjwpZJY=}
    engines: {node: '>=0.4.0'}

  acorn@8.16.0:
    resolution: {integrity: sha1-TOecib5Ar+ev6POtuQKh8c6awIo=}
    engines: {node: '>=0.4.0'}
    hasBin: true

  ansi-regex@5.0.1:
    resolution: {integrity: sha1-CCyyyJyf6GWaMRpTvWpNxTAdswQ=}
    engines: {node: '>=8'}

  ansi-styles@4.3.0:
    resolution: {integrity: sha1-7dgDYornHATIWuegkG7a00tkiTc=}
    engines: {node: '>=8'}

  arg@4.1.3:
    resolution: {integrity: sha1-Jp/HrVuOQstjyJbVZmAXJhwUQIk=}

  aws-ssl-profiles@1.1.2:
    resolution: {integrity: sha1-FX3Xfp8ZsdEjZ46T8SDm8ZMCJkE=}
    engines: {node: '>= 6.0.0'}

  balanced-match@4.0.4:
    resolution: {integrity: sha1-v7EGYv7tgZaixi58aOF3IMJ0F5o=}
    engines: {node: 18 || 20 || >=22}

  body-parser@2.2.2:
    resolution: {integrity: sha1-GjLNuWa+r2jeUKnfvltY+Dy4iQw=}
    engines: {node: '>=18'}

  brace-expansion@5.0.4:
    resolution: {integrity: sha1-YU2q7NCmiPZgu7yQmodIw9gNQzY=}
    engines: {node: 18 || 20 || >=22}

  bytes@3.1.2:
    resolution: {integrity: sha1-iwvuuYYFrfGxKPpDhkA8AJ4CIaU=}
    engines: {node: '>= 0.8'}

  c12@3.1.0:
    resolution: {integrity: sha1-niN5cOHTt0665R0llFy1lmTBLIk=}
    peerDependencies:
      magicast: ^0.3.5
    peerDependenciesMeta:
      magicast:
        optional: true

  call-bind-apply-helpers@1.0.2:
    resolution: {integrity: sha1-S1QowiK+mF15w9gmV0edvgtZstY=}
    engines: {node: '>= 0.4'}

  call-bound@1.0.4:
    resolution: {integrity: sha1-I43pNdKippKSjFOMfM+pEGf9Bio=}
    engines: {node: '>= 0.4'}

  chevrotain@10.5.0:
    resolution: {integrity: sha1-nB3GLvB1O7Vi2+UhtfctBButYk4=}

  chokidar@4.0.3:
    resolution: {integrity: sha1-e+N6TAPJruHs/oYqSiOyxwwgXTA=}
    engines: {node: '>= 14.16.0'}

  citty@0.1.6:
    resolution: {integrity: sha1-D3kE2h7UYl4anqfg+ngJgaq3xeQ=}

  citty@0.2.1:
    resolution: {integrity: sha1-GxUHd6M1e3uS4XP/846g1q0tCNo=}

  cliui@8.0.1:
    resolution: {integrity: sha1-DASwddsCy/5g3I5s8vVIaxo2CKo=}
    engines: {node: '>=12'}

  cluster-key-slot@1.1.2:
    resolution: {integrity: sha1-iN2qRpBuMDtd4w0xU7fZ/goMGaw=}
    engines: {node: '>=0.10.0'}

  color-convert@2.0.1:
    resolution: {integrity: sha1-ctOmjVmMm9s68q0ehPIdiWq9TeM=}
    engines: {node: '>=7.0.0'}

  color-name@1.1.4:
    resolution: {integrity: sha1-wqCah6y95pVD3m9j+jmVyCbFNqI=}

  confbox@0.2.4:
    resolution: {integrity: sha1-WS575x+IKkqHTjyI8Kwe9vfaHOU=}

  consola@3.4.2:
    resolution: {integrity: sha1-WvEQFFOXu2ev2rdwE/3DTK5ZDqc=}
    engines: {node: ^14.18.0 || >=16.10.0}

  content-disposition@1.0.1:
    resolution: {integrity: sha1-qLe76ykEvv37Z4flwMCGlZ9gX5s=}
    engines: {node: '>=18'}

  content-type@1.0.5:
    resolution: {integrity: sha1-i3cxYmVtHRCGeEyPI6VM5tc9eRg=}
    engines: {node: '>= 0.6'}

  cookie-signature@1.2.2:
    resolution: {integrity: sha1-V8f8PMKTrKuf7FTXPhVpDr5KF5M=}
    engines: {node: '>=6.6.0'}

  cookie@0.7.2:
    resolution: {integrity: sha1-VWNpxHKiupEPKXmJG1JrNDYjftc=}
    engines: {node: '>= 0.6'}

  create-require@1.1.1:
    resolution: {integrity: sha1-wdfo8eX2z8n/ZfnNNS03NIdWwzM=}

  cross-spawn@7.0.6:
    resolution: {integrity: sha1-ilj+ePANzXDDcEUXWd+/rwPo7p8=}
    engines: {node: '>= 8'}

  csstype@3.2.3:
    resolution: {integrity: sha1-7EjA8+mT5QZIyG2lWeJhCZXPmJo=}

  debug@4.4.3:
    resolution: {integrity: sha1-xq5DLZvZZiWC/OCHCbA4xY6ePWo=}
    engines: {node: '>=6.0'}
    peerDependencies:
      supports-color: '*'
    peerDependenciesMeta:
      supports-color:
        optional: true

  deepmerge-ts@7.1.5:
    resolution: {integrity: sha1-/4GFZAB/XBUICNK3tzLKyDqkFas=}
    engines: {node: '>=16.0.0'}

  defu@6.1.4:
    resolution: {integrity: sha1-Tgyc+f9o/l89fydlzBoBLf3LBHk=}

  denque@2.1.0:
    resolution: {integrity: sha1-6T4aZWn7XmbxajwqKWRhfTSdarE=}
    engines: {node: '>=0.10'}

  depd@2.0.0:
    resolution: {integrity: sha1-tpYWPMdXVg0JzyLMj60Vcbeedt8=}
    engines: {node: '>= 0.8'}

  destr@2.0.5:
    resolution: {integrity: sha1-fREv8bkl+40gefrFvbSpCXO1H9s=}

  diff@4.0.4:
    resolution: {integrity: sha1-em2/2jJfJfB1F+m1GPiXwIMy4H0=}
    engines: {node: '>=0.3.1'}

  dotenv@16.6.1:
    resolution: {integrity: sha1-dz8OaVJ6gxXHKF1e5zxEWdIKgCA=}
    engines: {node: '>=12'}

  dotenv@17.3.1:
    resolution: {integrity: sha1-Jwb1sBZeRaFQM0gYe4Ro+H/mquI=}
    engines: {node: '>=12'}

  dunder-proto@1.0.1:
    resolution: {integrity: sha1-165mfh3INIL4tw/Q9u78UNow9Yo=}
    engines: {node: '>= 0.4'}

  ee-first@1.1.1:
    resolution: {integrity: sha1-WQxhFWsK4vTwJVcyoViyZrxWsh0=}

  effect@3.18.4:
    resolution: {integrity: sha1-4kH95cwJBgjFHF4p4to1e7XQ6BU=}

  emoji-regex@8.0.0:
    resolution: {integrity: sha1-6Bj9ac5cz8tARZT4QpY79TFkzDc=}

  empathic@2.0.0:
    resolution: {integrity: sha1-cdPCuU+tSVMu+YpsNL4DhmWfYTE=}
    engines: {node: '>=14'}

  encodeurl@2.0.0:
    resolution: {integrity: sha1-e46omAd9fkCdOsRUdOo46vCFelg=}
    engines: {node: '>= 0.8'}

  es-define-property@1.0.1:
    resolution: {integrity: sha1-mD6y+aZyTpMD9hrd8BHHLgngsPo=}
    engines: {node: '>= 0.4'}

  es-errors@1.3.0:
    resolution: {integrity: sha1-BfdaJdq5jk+x3NXhRywFRtUFfI8=}
    engines: {node: '>= 0.4'}

  es-object-atoms@1.1.1:
    resolution: {integrity: sha1-HE8sSDcydZfOadLKGQp/3RcjOME=}
    engines: {node: '>= 0.4'}

  escalade@3.2.0:
    resolution: {integrity: sha1-ARo/aYVroYnf+n3I/M6Z0qh5A+U=}
    engines: {node: '>=6'}

  escape-html@1.0.3:
    resolution: {integrity: sha1-Aljq5NPQwJdN4cFpGI7wBR0dGYg=}

  etag@1.8.1:
    resolution: {integrity: sha1-Qa4u62XvpiJorr/qg6x9eSmbCIc=}
    engines: {node: '>= 0.6'}

  express@5.2.1:
    resolution: {integrity: sha1-jyHRW20yf5K0eU7PjLCKcvlWrAQ=}
    engines: {node: '>= 18'}

  exsolve@1.0.8:
    resolution: {integrity: sha1-f1402mHNERbe2lE25iKSwJb1BhM=}

  fast-check@3.23.2:
    resolution: {integrity: sha1-ASnx635PUA9Y6CkO3IPGcOSldKI=}
    engines: {node: '>=8.0.0'}

  finalhandler@2.1.1:
    resolution: {integrity: sha1-osUXplWYUrzbBtH4vX9Rto+tgJk=}
    engines: {node: '>= 18.0.0'}

  foreground-child@3.3.1:
    resolution: {integrity: sha1-Mujp7Rtoo0l777msK2rfkqY4V28=}
    engines: {node: '>=14'}

  forwarded@0.2.0:
    resolution: {integrity: sha1-ImmTZCiq1MFcfr6XeahL8LKoGBE=}
    engines: {node: '>= 0.6'}

  fresh@2.0.0:
    resolution: {integrity: sha1-jdffahs6Gzpc8YbAWl3SZ2ImNaQ=}
    engines: {node: '>= 0.8'}

  function-bind@1.1.2:
    resolution: {integrity: sha1-LALYZNl/PqbIgwxGTL0Rq26rehw=}

  generate-function@2.3.1:
    resolution: {integrity: sha1-8GlhdpDBDIaOc7hGV0Z2T5fDR58=}

  get-caller-file@2.0.5:
    resolution: {integrity: sha1-T5RBKoLbMvNuOwuXQfipf+sDH34=}
    engines: {node: 6.* || 8.* || >= 10.*}

  get-intrinsic@1.3.0:
    resolution: {integrity: sha1-dD8OO2lkqTpUke0b/6rgVNf5jQE=}
    engines: {node: '>= 0.4'}

  get-port-please@3.2.0:
    resolution: {integrity: sha1-DOPO4ZTESKxkDsOdw1elAPXX0rs=}

  get-proto@1.0.1:
    resolution: {integrity: sha1-FQs/J0OGnvPoUewMSdFbHRTQDuE=}
    engines: {node: '>= 0.4'}

  giget@2.0.0:
    resolution: {integrity: sha1-OV/JNKQ/mnopop1VuZ8j4wwU8ZU=}
    hasBin: true

  glob@11.1.0:
    resolution: {integrity: sha1-T4JlduTrmcfa04N5PS+fCPZ+UKY=}
    engines: {node: 20 || >=22}
    deprecated: Old versions of glob are not supported, and contain widely publicized security vulnerabilities, which have been fixed in the current version. Please update. Support for old versions may be purchased (at exorbitant rates) by contacting i@izs.me
    hasBin: true

  gopd@1.2.0:
    resolution: {integrity: sha1-ifVrghe9vIgCvSmd9tfxCB1+UaE=}
    engines: {node: '>= 0.4'}

  graceful-fs@4.2.11:
    resolution: {integrity: sha1-QYPk6L8Iu24Fu7L30uDI9xLKQOM=}

  grammex@3.1.12:
    resolution: {integrity: sha1-CPAh3SytAJ5kJI+1MkfMYQh4hAQ=}

  graphmatch@1.1.1:
    resolution: {integrity: sha1-3Oxo6Mt03go3LVJS/AbiQdr3HDg=}

  has-symbols@1.1.0:
    resolution: {integrity: sha1-/JxqeDoISVHQuXH+EBjegTcHozg=}
    engines: {node: '>= 0.4'}

  hasown@2.0.2:
    resolution: {integrity: sha1-AD6vkb563DcuhOxZ3DclLO24AAM=}
    engines: {node: '>= 0.4'}

  hono@4.11.4:
    resolution: {integrity: sha1-DBunF14IYkkyIkvHZE5MsispQIA=}
    engines: {node: '>=16.9.0'}

  http-errors@2.0.1:
    resolution: {integrity: sha1-NtL2W8kJyHkAGN02+02T2myq4Gs=}
    engines: {node: '>= 0.8'}

  http-status-codes@2.3.0:
    resolution: {integrity: sha1-mH/vsoxp+SpDrsx3/uwoZjSai/w=}

  iconv-lite@0.7.2:
    resolution: {integrity: sha1-0L3qw/ErSDW3NZwq2JxCKk0cxy4=}
    engines: {node: '>=0.10.0'}

  inherits@2.0.4:
    resolution: {integrity: sha1-D6LGT5MpF8NDOg3tVTY6rjdBa3w=}

  ipaddr.js@1.9.1:
    resolution: {integrity: sha1-v/OFQ+64mEglB5/zoqjmy9RngbM=}
    engines: {node: '>= 0.10'}

  is-fullwidth-code-point@3.0.0:
    resolution: {integrity: sha1-8Rb4Bk/pCz94RKOJl8C3UFEmnx0=}
    engines: {node: '>=8'}

  is-promise@4.0.0:
    resolution: {integrity: sha1-Qv+fhCBsGZHSbev1IN1cAQQt0vM=}

  is-property@1.0.2:
    resolution: {integrity: sha1-V/4cTkhHTt1lsJkR8msc1Ald2oQ=}

  isexe@2.0.0:
    resolution: {integrity: sha1-6PvzdNxVb/iUehDcsFctYz8s+hA=}

  jackspeak@4.2.3:
    resolution: {integrity: sha1-J++A8zuTQSA3w76k+O3fgOGTFIM=}
    engines: {node: 20 || >=22}

  jiti@2.6.1:
    resolution: {integrity: sha1-F47y/JoaWUJIwgYnzYIBh6TXjZI=}
    hasBin: true

  lilconfig@2.1.0:
    resolution: {integrity: sha1-eOI6yJ67fhv78lsYBD3nVlSOf1I=}
    engines: {node: '>=10'}

  lodash@4.17.21:
    resolution: {integrity: sha1-Z5WRxWTDv/quhFTPCz3zcMPWkRw=}

  long@5.3.2:
    resolution: {integrity: sha1-HYRGMJWZkmLX17f4v9SozFUWf4M=}

  lru-cache@11.2.7:
    resolution: {integrity: sha1-kSdAJhfzTNZ2e5ba7pjCjnRFjTU=}
    engines: {node: 20 || >=22}

  lru.min@1.1.4:
    resolution: {integrity: sha1-bqFzeowbojAMyHrUaRCkvf+gEXs=}
    engines: {bun: '>=1.0.0', deno: '>=1.30.0', node: '>=8.0.0'}

  make-error@1.3.6:
    resolution: {integrity: sha1-LrLjfqm2fEiR9oShOUeZr0hM96I=}

  math-intrinsics@1.1.0:
    resolution: {integrity: sha1-oN10voHiqlwvJ+Zc4oNgXuTit/k=}
    engines: {node: '>= 0.4'}

  media-typer@1.1.0:
    resolution: {integrity: sha1-ardLjy0zIPIGSyqHo455Mf86VWE=}
    engines: {node: '>= 0.8'}

  merge-descriptors@2.0.0:
    resolution: {integrity: sha1-6pIvZgY1oiSe5WXgRJ+VHmtgOAg=}
    engines: {node: '>=18'}

  mime-db@1.54.0:
    resolution: {integrity: sha1-zds+5PnGRTDf9kAjZmHULLajFPU=}
    engines: {node: '>= 0.6'}

  mime-types@3.0.2:
    resolution: {integrity: sha1-OQAtQYJXXVrwNv+hGBAPJSSy4qs=}
    engines: {node: '>=18'}

  minimatch@10.2.4:
    resolution: {integrity: sha1-Rls6zL0CGLgoH1MB4nztxpf5b94=}
    engines: {node: 18 || 20 || >=22}

  minipass@7.1.3:
    resolution: {integrity: sha1-eTibTrG7LQA6m7qH1JLyvTe9xls=}
    engines: {node: '>=16 || 14 >=14.17'}

  ms@2.1.3:
    resolution: {integrity: sha1-V0yBOM4dK1hh8LRFedut1gxmFbI=}

  mysql2@3.15.3:
    resolution: {integrity: sha1-8DSNnHQBu5jLH0X/xadzsQn3CAg=}
    engines: {node: '>= 8.0'}

  named-placeholders@1.1.6:
    resolution: {integrity: sha1-xQxpILQ/JY9ZwWrdHlZlT1zAK7U=}
    engines: {node: '>=8.0.0'}

  negotiator@1.0.0:
    resolution: {integrity: sha1-tskbtHFy1p+Tz9fDV7u1KQGbX2o=}
    engines: {node: '>= 0.6'}

  node-fetch-native@1.6.7:
    resolution: {integrity: sha1-nQnKYwZsxIQjIR7UyvXXAHXXanE=}

  node-pg-migrate@8.0.4:
    resolution: {integrity: sha1-suUZ5+vEwvd3fvS1zwoBWR3e8u4=}
    engines: {node: '>=20.11.0'}
    hasBin: true
    peerDependencies:
      '@types/pg': '>=6.0.0 <9.0.0'
      pg: '>=4.3.0 <9.0.0'
    peerDependenciesMeta:
      '@types/pg':
        optional: true

  nypm@0.6.5:
    resolution: {integrity: sha1-Xt2XMQ7kaPozBrnvX+grjvZgW1c=}
    engines: {node: '>=18'}
    hasBin: true

  object-inspect@1.13.4:
    resolution: {integrity: sha1-g3UmXiG8IND6WCwi4bE0hdbgAhM=}
    engines: {node: '>= 0.4'}

  obuf@1.1.2:
    resolution: {integrity: sha1-Cb6jND1BhZ69RGKS0RydTbYZCE4=}

  ohash@2.0.11:
    resolution: {integrity: sha1-YLEejP9iyp3uiNE3R6W6oUX1kAs=}

  on-finished@2.4.1:
    resolution: {integrity: sha1-WMjEQRblSEWtV/FKsQsDUzGErD8=}
    engines: {node: '>= 0.8'}

  once@1.4.0:
    resolution: {integrity: sha1-WDsap3WWHUsROsF9nFC6753Xa9E=}

  package-json-from-dist@1.0.1:
    resolution: {integrity: sha1-TxRxoBCCeob5TP2bByfjbSZ95QU=}

  parseurl@1.3.3:
    resolution: {integrity: sha1-naGee+6NEt/wUT7Vt2lXeTvC6NQ=}
    engines: {node: '>= 0.8'}

  path-key@3.1.1:
    resolution: {integrity: sha1-WB9q3mWMu6ZaDTOA3ndTKVBU83U=}
    engines: {node: '>=8'}

  path-scurry@2.0.2:
    resolution: {integrity: sha1-a+DQ7gKhDZ4N56mLrmXhgskGH4U=}
    engines: {node: 18 || 20 || >=22}

  path-to-regexp@8.3.0:
    resolution: {integrity: sha1-qoGKaYH5kyEAOgiYfTzsnDR0zR8=}

  pathe@2.0.3:
    resolution: {integrity: sha1-PsvsVUIWhbcKnahyss/z4cvtFxY=}

  perfect-debounce@1.0.0:
    resolution: {integrity: sha1-nC6LwwsWnMmEpYt9WygEmDlZHSo=}

  pg-cloudflare@1.3.0:
    resolution: {integrity: sha1-OGA11L/PGnBFsCb4shrPU1PxTWU=}

  pg-connection-string@2.12.0:
    resolution: {integrity: sha1-QIT5F5ArstquPcE3b+JKx7TqzPI=}

  pg-int8@1.0.1:
    resolution: {integrity: sha1-lDvUY79bcbQXARX4D478mgwOt4w=}
    engines: {node: '>=4.0.0'}

  pg-numeric@1.0.2:
    resolution: {integrity: sha1-gW2aRAJghq6K50g5rNagmwY2qjo=}
    engines: {node: '>=4'}

  pg-pool@3.13.0:
    resolution: {integrity: sha1-QWSC6XAOj4DGhaauVoFpekE8E6M=}
    peerDependencies:
      pg: '>=8.0'

  pg-protocol@1.13.0:
    resolution: {integrity: sha1-/a9tAgvKWQ1Yu5kbSxb8RI7+BRE=}

  pg-types@2.2.0:
    resolution: {integrity: sha1-LQJQ1jZFT3z6O2rgOC/fqAYyVKM=}
    engines: {node: '>=4'}

  pg-types@4.1.0:
    resolution: {integrity: sha1-SRONX/HJRjTX7tQqqcy6eOouUvA=}
    engines: {node: '>=10'}

  pg@8.20.0:
    resolution: {integrity: sha1-GidN6UTLMp/W3Xem03GgBbprE20=}
    engines: {node: '>= 16.0.0'}
    peerDependencies:
      pg-native: '>=3.0.1'
    peerDependenciesMeta:
      pg-native:
        optional: true

  pgpass@1.0.5:
    resolution: {integrity: sha1-m4c+SlZLsQ+np9vVUxJyjUIqIj0=}

  pkg-types@2.3.0:
    resolution: {integrity: sha1-A38sGb1UApZv9oEOMnBlWMtbVyY=}

  postgres-array@2.0.0:
    resolution: {integrity: sha1-SPj84FT7xpZxmZMpuINLdyZS2C4=}
    engines: {node: '>=4'}

  postgres-array@3.0.4:
    resolution: {integrity: sha1-TvyvTSxojYvKqGIO0T818pn3Uow=}
    engines: {node: '>=12'}

  postgres-bytea@1.0.1:
    resolution: {integrity: sha1-xAs9oCIsUA/x5RxdcBS2C3lpfHo=}
    engines: {node: '>=0.10.0'}

  postgres-bytea@3.0.0:
    resolution: {integrity: sha1-kEjcRhrHunCmpC0QkiFhns0csIk=}
    engines: {node: '>= 6'}

  postgres-date@1.0.7:
    resolution: {integrity: sha1-UbwIYAYAXlBhxZHO5yfyUxv2Qag=}
    engines: {node: '>=0.10.0'}

  postgres-date@2.1.0:
    resolution: {integrity: sha1-uF08H7b7PGyNsemUKhOjv2JRidA=}
    engines: {node: '>=12'}

  postgres-interval@1.2.0:
    resolution: {integrity: sha1-tGDILLFYdQd4iBmgaqD//bNURpU=}
    engines: {node: '>=0.10.0'}

  postgres-interval@3.0.0:
    resolution: {integrity: sha1-uveos+urGbfzjwdWbHqrCWLwyGo=}
    engines: {node: '>=12'}

  postgres-range@1.1.4:
    resolution: {integrity: sha1-pZxflSCQm87F5j6M+ROpLkyVKGM=}

  postgres@3.4.7:
    resolution: {integrity: sha1-Ei9GCoCP4wDK5T9ZIQi5kG5iU0U=}
    engines: {node: '>=12'}

  prisma@7.5.0:
    resolution: {integrity: sha1-hVh08Stlan+0/eLquX9tz3c1RmY=}
    engines: {node: ^20.19 || ^22.12 || >=24.0}
    hasBin: true
    peerDependencies:
      better-sqlite3: '>=9.0.0'
      typescript: '>=5.4.0'
    peerDependenciesMeta:
      better-sqlite3:
        optional: true
      typescript:
        optional: true

  proper-lockfile@4.1.2:
    resolution: {integrity: sha1-yLneKvay8WAQZ/mOAaxmuqIjFB8=}

  proxy-addr@2.0.7:
    resolution: {integrity: sha1-8Z/mnOqzEe65S0LnDowgcPm6ECU=}
    engines: {node: '>= 0.10'}

  pure-rand@6.1.0:
    resolution: {integrity: sha1-0XPPIyWCMZdsy9sFJHyXh5V2BPI=}

  qs@6.15.0:
    resolution: {integrity: sha1-24/V0bHS1rWzOtr4dCmAXxkJ57M=}
    engines: {node: '>=0.6'}

  range-parser@1.2.1:
    resolution: {integrity: sha1-PPNwI9GZ4cJNGlW4SADC8+ZGgDE=}
    engines: {node: '>= 0.6'}

  raw-body@3.0.2:
    resolution: {integrity: sha1-PjraWuVWj5CV2EN2/TpJuPsAClE=}
    engines: {node: '>= 0.10'}

  rc9@2.1.2:
    resolution: {integrity: sha1-YoL/Y4pQyqCpGjHXavSgucvRCA0=}

  react-dom@19.2.4:
    resolution: {integrity: sha1-b6xr2W99tHfZZsfsF8Gisa2OZZE=}
    peerDependencies:
      react: ^19.2.4

  react@19.2.4:
    resolution: {integrity: sha1-Q45XuqGbd8sjqrUWz2Nc0Fee4Jo=}
    engines: {node: '>=0.10.0'}

  readdirp@4.1.2:
    resolution: {integrity: sha1-64WAFDX78qfuWPGeCSGwaPxplI0=}
    engines: {node: '>= 14.18.0'}

  redis@5.11.0:
    resolution: {integrity: sha1-3M+P9XgRjN/k8rHgsddEAkkg3fk=}
    engines: {node: '>= 18'}

  regexp-to-ast@0.5.0:
    resolution: {integrity: sha1-Vsc4Vr7l4f739zoA8Uc0UqtxKiQ=}

  remeda@2.33.4:
    resolution: {integrity: sha1-6uO7Lsl5XbWKG2YkmRN3KhoseYk=}

  require-directory@2.1.1:
    resolution: {integrity: sha1-jGStX9MNqxyXbiNE/+f3kqam30I=}
    engines: {node: '>=0.10.0'}

  retry@0.12.0:
    resolution: {integrity: sha1-G0KmJmoh8HQh0bC1S33BZ7AcATs=}
    engines: {node: '>= 4'}

  router@2.2.0:
    resolution: {integrity: sha1-AZvmILcRyHZBFnzHm5kJDwCxRu8=}
    engines: {node: '>= 18'}

  safer-buffer@2.1.2:
    resolution: {integrity: sha1-RPoWGwGHuVSd2Eu5GAL5vYOFzWo=}

  scheduler@0.27.0:
    resolution: {integrity: sha1-DE74LWfR5cHjWej8dtOofwRf5b0=}

  send@1.2.1:
    resolution: {integrity: sha1-nqt0O4dPNVD0CiaGe/KGrWDT8+0=}
    engines: {node: '>= 18'}

  seq-queue@0.0.5:
    resolution: {integrity: sha1-1WgS4cAXpuTnw+Ojeh2m143TyT4=}

  serve-static@2.2.1:
    resolution: {integrity: sha1-fxhqSk5fW2Y616QpT/G/N88OmKk=}
    engines: {node: '>= 18'}

  setprototypeof@1.2.0:
    resolution: {integrity: sha1-ZsmiSnP5/CjL5msJ/tPTPcrxtCQ=}

  shebang-command@2.0.0:
    resolution: {integrity: sha1-zNCvT4g1+9wmW4JGGq8MNmY/NOo=}
    engines: {node: '>=8'}

  shebang-regex@3.0.0:
    resolution: {integrity: sha1-rhbxZE2HPsrYQ7AwexQzYtTEIXI=}
    engines: {node: '>=8'}

  side-channel-list@1.0.0:
    resolution: {integrity: sha1-EMtZhCYxFdO3oOM2WR4pCoMK+K0=}
    engines: {node: '>= 0.4'}

  side-channel-map@1.0.1:
    resolution: {integrity: sha1-1rtrN5Asb+9RdOX1M/q0xzKib0I=}
    engines: {node: '>= 0.4'}

  side-channel-weakmap@1.0.2:
    resolution: {integrity: sha1-Ed2hnVNo5Azp7CvcH7DsvAeQ7Oo=}
    engines: {node: '>= 0.4'}

  side-channel@1.1.0:
    resolution: {integrity: sha1-w/z/nE2pMnhIczNeyXZfqU/2a8k=}
    engines: {node: '>= 0.4'}

  signal-exit@3.0.7:
    resolution: {integrity: sha1-qaF2f4r4QVURTqq9c/mSc8j1mtk=}

  signal-exit@4.1.0:
    resolution: {integrity: sha1-lSGIwcvVRgcOLdIND0HArgUwywQ=}
    engines: {node: '>=14'}

  split2@4.2.0:
    resolution: {integrity: sha1-ycWSCQTRSLqwufZxRfJFqGqtv6Q=}
    engines: {node: '>= 10.x'}

  sqlstring@2.3.3:
    resolution: {integrity: sha1-Ldwh8DvOLDh+1gaA5zmSLGV1HQw=}
    engines: {node: '>= 0.6'}

  statuses@2.0.2:
    resolution: {integrity: sha1-j3XuzvdlteHPzcCA2llAntQk44I=}
    engines: {node: '>= 0.8'}

  std-env@3.10.0:
    resolution: {integrity: sha1-2BCyfjoHMEeyteQANIgfXqb5yDs=}

  string-width@4.2.3:
    resolution: {integrity: sha1-JpxxF9J7Ba0uU2gwqOyJXvnG0BA=}
    engines: {node: '>=8'}

  strip-ansi@6.0.1:
    resolution: {integrity: sha1-nibGPTD1NEPpSJSVshBdN7Z6hdk=}
    engines: {node: '>=8'}

  tinyexec@1.0.4:
    resolution: {integrity: sha1-bGCGT+HQEzGy8XxokPU11+U4VAg=}
    engines: {node: '>=18'}

  toidentifier@1.0.1:
    resolution: {integrity: sha1-O+NDIaiKgg7RvYDfqjPkefu43TU=}
    engines: {node: '>=0.6'}

  ts-node@10.9.2:
    resolution: {integrity: sha1-cPAhyeGFvM3Kgg4m3EE4BcEBxx8=}
    hasBin: true
    peerDependencies:
      '@swc/core': '>=1.2.50'
      '@swc/wasm': '>=1.2.50'
      '@types/node': '*'
      typescript: '>=2.7'
    peerDependenciesMeta:
      '@swc/core':
        optional: true
      '@swc/wasm':
        optional: true

  type-is@2.0.1:
    resolution: {integrity: sha1-ZPbPA/kvzkAVwrIkeT9r3UsGjJc=}
    engines: {node: '>= 0.6'}

  typescript@5.9.3:
    resolution: {integrity: sha1-W09Z4VMQqxeiFvXWz1PuR27eZw8=}
    engines: {node: '>=14.17'}
    hasBin: true

  undici-types@7.18.2:
    resolution: {integrity: sha1-KTV6iee3ykrvO/D9P9DNc4hCKek=}

  unpipe@1.0.0:
    resolution: {integrity: sha1-sr9O6FFKrmFltIF4KdIbLvSZBOw=}
    engines: {node: '>= 0.8'}

  v8-compile-cache-lib@3.0.1:
    resolution: {integrity: sha1-Yzbo1xllyz01obu3hoRFp8BSZL8=}

  valibot@1.2.0:
    resolution: {integrity: sha1-j8cg2eQIK6FuMKkUBko5YZsvHW8=}
    peerDependencies:
      typescript: '>=5'
    peerDependenciesMeta:
      typescript:
        optional: true

  vary@1.1.2:
    resolution: {integrity: sha1-IpnwLG3tMNSllhsLn3RSShj2NPw=}
    engines: {node: '>= 0.8'}

  which@2.0.2:
    resolution: {integrity: sha1-fGqN0KY2oDJ+ELWckobu6T8/UbE=}
    engines: {node: '>= 8'}
    hasBin: true

  wrap-ansi@7.0.0:
    resolution: {integrity: sha1-Z+FFz/UQpqaYS98RUpEdadLrnkM=}
    engines: {node: '>=10'}

  wrappy@1.0.2:
    resolution: {integrity: sha1-tSQ9jz7BqjXxNkYFvA0QNuMKtp8=}

  xtend@4.0.2:
    resolution: {integrity: sha1-u3J3n1+kZRhrH0OPZ0+jR/2121Q=}
    engines: {node: '>=0.4'}

  y18n@5.0.8:
    resolution: {integrity: sha1-f0k00PfKjFb5UxSTndzS3ZHOHVU=}
    engines: {node: '>=10'}

  yargs-parser@21.1.1:
    resolution: {integrity: sha1-kJa87r+ZDSG7MfqVFuDt4pSnfTU=}
    engines: {node: '>=12'}

  yargs@17.7.2:
    resolution: {integrity: sha1-mR3zmspnWhkrgW4eA2P5110qomk=}
    engines: {node: '>=12'}

  yn@3.1.1:
    resolution: {integrity: sha1-HodAGgnXZ8HV6rJqbkwYUYLS61A=}
    engines: {node: '>=6'}

  zeptomatch@2.1.0:
    resolution: {integrity: sha1-zKLLLGEwjQwm+WieZkD2M10PIQE=}

snapshots:

  '@chevrotain/cst-dts-gen@10.5.0':
    dependencies:
      '@chevrotain/gast': 10.5.0
      '@chevrotain/types': 10.5.0
      lodash: 4.17.21

  '@chevrotain/gast@10.5.0':
    dependencies:
      '@chevrotain/types': 10.5.0
      lodash: 4.17.21

  '@chevrotain/types@10.5.0': {}

  '@chevrotain/utils@10.5.0': {}

  '@cspotcode/source-map-support@0.8.1':
    dependencies:
      '@jridgewell/trace-mapping': 0.3.9

  '@electric-sql/pglite-socket@0.0.20(@electric-sql/pglite@0.3.15)':
    dependencies:
      '@electric-sql/pglite': 0.3.15

  '@electric-sql/pglite-tools@0.2.20(@electric-sql/pglite@0.3.15)':
    dependencies:
      '@electric-sql/pglite': 0.3.15

  '@electric-sql/pglite@0.3.15': {}

  '@hono/node-server@1.19.9(hono@4.11.4)':
    dependencies:
      hono: 4.11.4

  '@isaacs/cliui@9.0.0': {}

  '@jridgewell/resolve-uri@3.1.2': {}

  '@jridgewell/sourcemap-codec@1.5.5': {}

  '@jridgewell/trace-mapping@0.3.9':
    dependencies:
      '@jridgewell/resolve-uri': 3.1.2
      '@jridgewell/sourcemap-codec': 1.5.5

  '@mrleebo/prisma-ast@0.13.1':
    dependencies:
      chevrotain: 10.5.0
      lilconfig: 2.1.0

  '@prisma/adapter-pg@7.5.0':
    dependencies:
      '@prisma/driver-adapter-utils': 7.5.0
      '@types/pg': 8.11.11
      pg: 8.20.0
      postgres-array: 3.0.4
    transitivePeerDependencies:
      - pg-native

  '@prisma/client-runtime-utils@7.5.0': {}

  '@prisma/client@7.5.0(prisma@7.5.0(@types/react@19.2.14)(react-dom@19.2.4(react@19.2.4))(react@19.2.4)(typescript@5.9.3))(typescript@5.9.3)':
    dependencies:
      '@prisma/client-runtime-utils': 7.5.0
    optionalDependencies:
      prisma: 7.5.0(@types/react@19.2.14)(react-dom@19.2.4(react@19.2.4))(react@19.2.4)(typescript@5.9.3)
      typescript: 5.9.3

  '@prisma/config@7.5.0':
    dependencies:
      c12: 3.1.0
      deepmerge-ts: 7.1.5
      effect: 3.18.4
      empathic: 2.0.0
    transitivePeerDependencies:
      - magicast

  '@prisma/debug@7.2.0': {}

  '@prisma/debug@7.5.0': {}

  '@prisma/dev@0.20.0(typescript@5.9.3)':
    dependencies:
      '@electric-sql/pglite': 0.3.15
      '@electric-sql/pglite-socket': 0.0.20(@electric-sql/pglite@0.3.15)
      '@electric-sql/pglite-tools': 0.2.20(@electric-sql/pglite@0.3.15)
      '@hono/node-server': 1.19.9(hono@4.11.4)
      '@mrleebo/prisma-ast': 0.13.1
      '@prisma/get-platform': 7.2.0
      '@prisma/query-plan-executor': 7.2.0
      foreground-child: 3.3.1
      get-port-please: 3.2.0
      hono: 4.11.4
      http-status-codes: 2.3.0
      pathe: 2.0.3
      proper-lockfile: 4.1.2
      remeda: 2.33.4
      std-env: 3.10.0
      valibot: 1.2.0(typescript@5.9.3)
      zeptomatch: 2.1.0
    transitivePeerDependencies:
      - typescript

  '@prisma/driver-adapter-utils@7.5.0':
    dependencies:
      '@prisma/debug': 7.5.0

  '@prisma/engines-version@7.5.0-15.280c870be64f457428992c43c1f6d557fab6e29e': {}

  '@prisma/engines@7.5.0':
    dependencies:
      '@prisma/debug': 7.5.0
      '@prisma/engines-version': 7.5.0-15.280c870be64f457428992c43c1f6d557fab6e29e
      '@prisma/fetch-engine': 7.5.0
      '@prisma/get-platform': 7.5.0

  '@prisma/fetch-engine@7.5.0':
    dependencies:
      '@prisma/debug': 7.5.0
      '@prisma/engines-version': 7.5.0-15.280c870be64f457428992c43c1f6d557fab6e29e
      '@prisma/get-platform': 7.5.0

  '@prisma/get-platform@7.2.0':
    dependencies:
      '@prisma/debug': 7.2.0

  '@prisma/get-platform@7.5.0':
    dependencies:
      '@prisma/debug': 7.5.0

  '@prisma/query-plan-executor@7.2.0': {}

  '@prisma/studio-core@0.21.1(@types/react@19.2.14)(react-dom@19.2.4(react@19.2.4))(react@19.2.4)':
    dependencies:
      '@types/react': 19.2.14
      react: 19.2.4
      react-dom: 19.2.4(react@19.2.4)

  '@redis/bloom@5.11.0(@redis/client@5.11.0)':
    dependencies:
      '@redis/client': 5.11.0

  '@redis/client@5.11.0':
    dependencies:
      cluster-key-slot: 1.1.2

  '@redis/json@5.11.0(@redis/client@5.11.0)':
    dependencies:
      '@redis/client': 5.11.0

  '@redis/search@5.11.0(@redis/client@5.11.0)':
    dependencies:
      '@redis/client': 5.11.0

  '@redis/time-series@5.11.0(@redis/client@5.11.0)':
    dependencies:
      '@redis/client': 5.11.0

  '@standard-schema/spec@1.1.0': {}

  '@tsconfig/node10@1.0.12': {}

  '@tsconfig/node12@1.0.11': {}

  '@tsconfig/node14@1.0.3': {}

  '@tsconfig/node16@1.0.4': {}

  '@types/body-parser@1.19.6':
    dependencies:
      '@types/connect': 3.4.38
      '@types/node': 25.5.0

  '@types/connect@3.4.38':
    dependencies:
      '@types/node': 25.5.0

  '@types/express-serve-static-core@5.1.1':
    dependencies:
      '@types/node': 25.5.0
      '@types/qs': 6.15.0
      '@types/range-parser': 1.2.7
      '@types/send': 1.2.1

  '@types/express@5.0.6':
    dependencies:
      '@types/body-parser': 1.19.6
      '@types/express-serve-static-core': 5.1.1
      '@types/serve-static': 2.2.0

  '@types/http-errors@2.0.5': {}

  '@types/node@25.5.0':
    dependencies:
      undici-types: 7.18.2

  '@types/pg@8.11.11':
    dependencies:
      '@types/node': 25.5.0
      pg-protocol: 1.13.0
      pg-types: 4.1.0

  '@types/pg@8.18.0':
    dependencies:
      '@types/node': 25.5.0
      pg-protocol: 1.13.0
      pg-types: 2.2.0

  '@types/qs@6.15.0': {}

  '@types/range-parser@1.2.7': {}

  '@types/react@19.2.14':
    dependencies:
      csstype: 3.2.3

  '@types/send@1.2.1':
    dependencies:
      '@types/node': 25.5.0

  '@types/serve-static@2.2.0':
    dependencies:
      '@types/http-errors': 2.0.5
      '@types/node': 25.5.0

  accepts@2.0.0:
    dependencies:
      mime-types: 3.0.2
      negotiator: 1.0.0

  acorn-walk@8.3.5:
    dependencies:
      acorn: 8.16.0

  acorn@8.16.0: {}

  ansi-regex@5.0.1: {}

  ansi-styles@4.3.0:
    dependencies:
      color-convert: 2.0.1

  arg@4.1.3: {}

  aws-ssl-profiles@1.1.2: {}

  balanced-match@4.0.4: {}

  body-parser@2.2.2:
    dependencies:
      bytes: 3.1.2
      content-type: 1.0.5
      debug: 4.4.3
      http-errors: 2.0.1
      iconv-lite: 0.7.2
      on-finished: 2.4.1
      qs: 6.15.0
      raw-body: 3.0.2
      type-is: 2.0.1
    transitivePeerDependencies:
      - supports-color

  brace-expansion@5.0.4:
    dependencies:
      balanced-match: 4.0.4

  bytes@3.1.2: {}

  c12@3.1.0:
    dependencies:
      chokidar: 4.0.3
      confbox: 0.2.4
      defu: 6.1.4
      dotenv: 16.6.1
      exsolve: 1.0.8
      giget: 2.0.0
      jiti: 2.6.1
      ohash: 2.0.11
      pathe: 2.0.3
      perfect-debounce: 1.0.0
      pkg-types: 2.3.0
      rc9: 2.1.2

  call-bind-apply-helpers@1.0.2:
    dependencies:
      es-errors: 1.3.0
      function-bind: 1.1.2

  call-bound@1.0.4:
    dependencies:
      call-bind-apply-helpers: 1.0.2
      get-intrinsic: 1.3.0

  chevrotain@10.5.0:
    dependencies:
      '@chevrotain/cst-dts-gen': 10.5.0
      '@chevrotain/gast': 10.5.0
      '@chevrotain/types': 10.5.0
      '@chevrotain/utils': 10.5.0
      lodash: 4.17.21
      regexp-to-ast: 0.5.0

  chokidar@4.0.3:
    dependencies:
      readdirp: 4.1.2

  citty@0.1.6:
    dependencies:
      consola: 3.4.2

  citty@0.2.1: {}

  cliui@8.0.1:
    dependencies:
      string-width: 4.2.3
      strip-ansi: 6.0.1
      wrap-ansi: 7.0.0

  cluster-key-slot@1.1.2: {}

  color-convert@2.0.1:
    dependencies:
      color-name: 1.1.4

  color-name@1.1.4: {}

  confbox@0.2.4: {}

  consola@3.4.2: {}

  content-disposition@1.0.1: {}

  content-type@1.0.5: {}

  cookie-signature@1.2.2: {}

  cookie@0.7.2: {}

  create-require@1.1.1: {}

  cross-spawn@7.0.6:
    dependencies:
      path-key: 3.1.1
      shebang-command: 2.0.0
      which: 2.0.2

  csstype@3.2.3: {}

  debug@4.4.3:
    dependencies:
      ms: 2.1.3

  deepmerge-ts@7.1.5: {}

  defu@6.1.4: {}

  denque@2.1.0: {}

  depd@2.0.0: {}

  destr@2.0.5: {}

  diff@4.0.4: {}

  dotenv@16.6.1: {}

  dotenv@17.3.1: {}

  dunder-proto@1.0.1:
    dependencies:
      call-bind-apply-helpers: 1.0.2
      es-errors: 1.3.0
      gopd: 1.2.0

  ee-first@1.1.1: {}

  effect@3.18.4:
    dependencies:
      '@standard-schema/spec': 1.1.0
      fast-check: 3.23.2

  emoji-regex@8.0.0: {}

  empathic@2.0.0: {}

  encodeurl@2.0.0: {}

  es-define-property@1.0.1: {}

  es-errors@1.3.0: {}

  es-object-atoms@1.1.1:
    dependencies:
      es-errors: 1.3.0

  escalade@3.2.0: {}

  escape-html@1.0.3: {}

  etag@1.8.1: {}

  express@5.2.1:
    dependencies:
      accepts: 2.0.0
      body-parser: 2.2.2
      content-disposition: 1.0.1
      content-type: 1.0.5
      cookie: 0.7.2
      cookie-signature: 1.2.2
      debug: 4.4.3
      depd: 2.0.0
      encodeurl: 2.0.0
      escape-html: 1.0.3
      etag: 1.8.1
      finalhandler: 2.1.1
      fresh: 2.0.0
      http-errors: 2.0.1
      merge-descriptors: 2.0.0
      mime-types: 3.0.2
      on-finished: 2.4.1
      once: 1.4.0
      parseurl: 1.3.3
      proxy-addr: 2.0.7
      qs: 6.15.0
      range-parser: 1.2.1
      router: 2.2.0
      send: 1.2.1
      serve-static: 2.2.1
      statuses: 2.0.2
      type-is: 2.0.1
      vary: 1.1.2
    transitivePeerDependencies:
      - supports-color

  exsolve@1.0.8: {}

  fast-check@3.23.2:
    dependencies:
      pure-rand: 6.1.0

  finalhandler@2.1.1:
    dependencies:
      debug: 4.4.3
      encodeurl: 2.0.0
      escape-html: 1.0.3
      on-finished: 2.4.1
      parseurl: 1.3.3
      statuses: 2.0.2
    transitivePeerDependencies:
      - supports-color

  foreground-child@3.3.1:
    dependencies:
      cross-spawn: 7.0.6
      signal-exit: 4.1.0

  forwarded@0.2.0: {}

  fresh@2.0.0: {}

  function-bind@1.1.2: {}

  generate-function@2.3.1:
    dependencies:
      is-property: 1.0.2

  get-caller-file@2.0.5: {}

  get-intrinsic@1.3.0:
    dependencies:
      call-bind-apply-helpers: 1.0.2
      es-define-property: 1.0.1
      es-errors: 1.3.0
      es-object-atoms: 1.1.1
      function-bind: 1.1.2
      get-proto: 1.0.1
      gopd: 1.2.0
      has-symbols: 1.1.0
      hasown: 2.0.2
      math-intrinsics: 1.1.0

  get-port-please@3.2.0: {}

  get-proto@1.0.1:
    dependencies:
      dunder-proto: 1.0.1
      es-object-atoms: 1.1.1

  giget@2.0.0:
    dependencies:
      citty: 0.1.6
      consola: 3.4.2
      defu: 6.1.4
      node-fetch-native: 1.6.7
      nypm: 0.6.5
      pathe: 2.0.3

  glob@11.1.0:
    dependencies:
      foreground-child: 3.3.1
      jackspeak: 4.2.3
      minimatch: 10.2.4
      minipass: 7.1.3
      package-json-from-dist: 1.0.1
      path-scurry: 2.0.2

  gopd@1.2.0: {}

  graceful-fs@4.2.11: {}

  grammex@3.1.12: {}

  graphmatch@1.1.1: {}

  has-symbols@1.1.0: {}

  hasown@2.0.2:
    dependencies:
      function-bind: 1.1.2

  hono@4.11.4: {}

  http-errors@2.0.1:
    dependencies:
      depd: 2.0.0
      inherits: 2.0.4
      setprototypeof: 1.2.0
      statuses: 2.0.2
      toidentifier: 1.0.1

  http-status-codes@2.3.0: {}

  iconv-lite@0.7.2:
    dependencies:
      safer-buffer: 2.1.2

  inherits@2.0.4: {}

  ipaddr.js@1.9.1: {}

  is-fullwidth-code-point@3.0.0: {}

  is-promise@4.0.0: {}

  is-property@1.0.2: {}

  isexe@2.0.0: {}

  jackspeak@4.2.3:
    dependencies:
      '@isaacs/cliui': 9.0.0

  jiti@2.6.1: {}

  lilconfig@2.1.0: {}

  lodash@4.17.21: {}

  long@5.3.2: {}

  lru-cache@11.2.7: {}

  lru.min@1.1.4: {}

  make-error@1.3.6: {}

  math-intrinsics@1.1.0: {}

  media-typer@1.1.0: {}

  merge-descriptors@2.0.0: {}

  mime-db@1.54.0: {}

  mime-types@3.0.2:
    dependencies:
      mime-db: 1.54.0

  minimatch@10.2.4:
    dependencies:
      brace-expansion: 5.0.4

  minipass@7.1.3: {}

  ms@2.1.3: {}

  mysql2@3.15.3:
    dependencies:
      aws-ssl-profiles: 1.1.2
      denque: 2.1.0
      generate-function: 2.3.1
      iconv-lite: 0.7.2
      long: 5.3.2
      lru.min: 1.1.4
      named-placeholders: 1.1.6
      seq-queue: 0.0.5
      sqlstring: 2.3.3

  named-placeholders@1.1.6:
    dependencies:
      lru.min: 1.1.4

  negotiator@1.0.0: {}

  node-fetch-native@1.6.7: {}

  node-pg-migrate@8.0.4(@types/pg@8.18.0)(pg@8.20.0):
    dependencies:
      glob: 11.1.0
      pg: 8.20.0
      yargs: 17.7.2
    optionalDependencies:
      '@types/pg': 8.18.0

  nypm@0.6.5:
    dependencies:
      citty: 0.2.1
      pathe: 2.0.3
      tinyexec: 1.0.4

  object-inspect@1.13.4: {}

  obuf@1.1.2: {}

  ohash@2.0.11: {}

  on-finished@2.4.1:
    dependencies:
      ee-first: 1.1.1

  once@1.4.0:
    dependencies:
      wrappy: 1.0.2

  package-json-from-dist@1.0.1: {}

  parseurl@1.3.3: {}

  path-key@3.1.1: {}

  path-scurry@2.0.2:
    dependencies:
      lru-cache: 11.2.7
      minipass: 7.1.3

  path-to-regexp@8.3.0: {}

  pathe@2.0.3: {}

  perfect-debounce@1.0.0: {}

  pg-cloudflare@1.3.0:
    optional: true

  pg-connection-string@2.12.0: {}

  pg-int8@1.0.1: {}

  pg-numeric@1.0.2: {}

  pg-pool@3.13.0(pg@8.20.0):
    dependencies:
      pg: 8.20.0

  pg-protocol@1.13.0: {}

  pg-types@2.2.0:
    dependencies:
      pg-int8: 1.0.1
      postgres-array: 2.0.0
      postgres-bytea: 1.0.1
      postgres-date: 1.0.7
      postgres-interval: 1.2.0

  pg-types@4.1.0:
    dependencies:
      pg-int8: 1.0.1
      pg-numeric: 1.0.2
      postgres-array: 3.0.4
      postgres-bytea: 3.0.0
      postgres-date: 2.1.0
      postgres-interval: 3.0.0
      postgres-range: 1.1.4

  pg@8.20.0:
    dependencies:
      pg-connection-string: 2.12.0
      pg-pool: 3.13.0(pg@8.20.0)
      pg-protocol: 1.13.0
      pg-types: 2.2.0
      pgpass: 1.0.5
    optionalDependencies:
      pg-cloudflare: 1.3.0

  pgpass@1.0.5:
    dependencies:
      split2: 4.2.0

  pkg-types@2.3.0:
    dependencies:
      confbox: 0.2.4
      exsolve: 1.0.8
      pathe: 2.0.3

  postgres-array@2.0.0: {}

  postgres-array@3.0.4: {}

  postgres-bytea@1.0.1: {}

  postgres-bytea@3.0.0:
    dependencies:
      obuf: 1.1.2

  postgres-date@1.0.7: {}

  postgres-date@2.1.0: {}

  postgres-interval@1.2.0:
    dependencies:
      xtend: 4.0.2

  postgres-interval@3.0.0: {}

  postgres-range@1.1.4: {}

  postgres@3.4.7: {}

  prisma@7.5.0(@types/react@19.2.14)(react-dom@19.2.4(react@19.2.4))(react@19.2.4)(typescript@5.9.3):
    dependencies:
      '@prisma/config': 7.5.0
      '@prisma/dev': 0.20.0(typescript@5.9.3)
      '@prisma/engines': 7.5.0
      '@prisma/studio-core': 0.21.1(@types/react@19.2.14)(react-dom@19.2.4(react@19.2.4))(react@19.2.4)
      mysql2: 3.15.3
      postgres: 3.4.7
    optionalDependencies:
      typescript: 5.9.3
    transitivePeerDependencies:
      - '@types/react'
      - magicast
      - react
      - react-dom

  proper-lockfile@4.1.2:
    dependencies:
      graceful-fs: 4.2.11
      retry: 0.12.0
      signal-exit: 3.0.7

  proxy-addr@2.0.7:
    dependencies:
      forwarded: 0.2.0
      ipaddr.js: 1.9.1

  pure-rand@6.1.0: {}

  qs@6.15.0:
    dependencies:
      side-channel: 1.1.0

  range-parser@1.2.1: {}

  raw-body@3.0.2:
    dependencies:
      bytes: 3.1.2
      http-errors: 2.0.1
      iconv-lite: 0.7.2
      unpipe: 1.0.0

  rc9@2.1.2:
    dependencies:
      defu: 6.1.4
      destr: 2.0.5

  react-dom@19.2.4(react@19.2.4):
    dependencies:
      react: 19.2.4
      scheduler: 0.27.0

  react@19.2.4: {}

  readdirp@4.1.2: {}

  redis@5.11.0:
    dependencies:
      '@redis/bloom': 5.11.0(@redis/client@5.11.0)
      '@redis/client': 5.11.0
      '@redis/json': 5.11.0(@redis/client@5.11.0)
      '@redis/search': 5.11.0(@redis/client@5.11.0)
      '@redis/time-series': 5.11.0(@redis/client@5.11.0)
    transitivePeerDependencies:
      - '@node-rs/xxhash'

  regexp-to-ast@0.5.0: {}

  remeda@2.33.4: {}

  require-directory@2.1.1: {}

  retry@0.12.0: {}

  router@2.2.0:
    dependencies:
      debug: 4.4.3
      depd: 2.0.0
      is-promise: 4.0.0
      parseurl: 1.3.3
      path-to-regexp: 8.3.0
    transitivePeerDependencies:
      - supports-color

  safer-buffer@2.1.2: {}

  scheduler@0.27.0: {}

  send@1.2.1:
    dependencies:
      debug: 4.4.3
      encodeurl: 2.0.0
      escape-html: 1.0.3
      etag: 1.8.1
      fresh: 2.0.0
      http-errors: 2.0.1
      mime-types: 3.0.2
      ms: 2.1.3
      on-finished: 2.4.1
      range-parser: 1.2.1
      statuses: 2.0.2
    transitivePeerDependencies:
      - supports-color

  seq-queue@0.0.5: {}

  serve-static@2.2.1:
    dependencies:
      encodeurl: 2.0.0
      escape-html: 1.0.3
      parseurl: 1.3.3
      send: 1.2.1
    transitivePeerDependencies:
      - supports-color

  setprototypeof@1.2.0: {}

  shebang-command@2.0.0:
    dependencies:
      shebang-regex: 3.0.0

  shebang-regex@3.0.0: {}

  side-channel-list@1.0.0:
    dependencies:
      es-errors: 1.3.0
      object-inspect: 1.13.4

  side-channel-map@1.0.1:
    dependencies:
      call-bound: 1.0.4
      es-errors: 1.3.0
      get-intrinsic: 1.3.0
      object-inspect: 1.13.4

  side-channel-weakmap@1.0.2:
    dependencies:
      call-bound: 1.0.4
      es-errors: 1.3.0
      get-intrinsic: 1.3.0
      object-inspect: 1.13.4
      side-channel-map: 1.0.1

  side-channel@1.1.0:
    dependencies:
      es-errors: 1.3.0
      object-inspect: 1.13.4
      side-channel-list: 1.0.0
      side-channel-map: 1.0.1
      side-channel-weakmap: 1.0.2

  signal-exit@3.0.7: {}

  signal-exit@4.1.0: {}

  split2@4.2.0: {}

  sqlstring@2.3.3: {}

  statuses@2.0.2: {}

  std-env@3.10.0: {}

  string-width@4.2.3:
    dependencies:
      emoji-regex: 8.0.0
      is-fullwidth-code-point: 3.0.0
      strip-ansi: 6.0.1

  strip-ansi@6.0.1:
    dependencies:
      ansi-regex: 5.0.1

  tinyexec@1.0.4: {}

  toidentifier@1.0.1: {}

  ts-node@10.9.2(@types/node@25.5.0)(typescript@5.9.3):
    dependencies:
      '@cspotcode/source-map-support': 0.8.1
      '@tsconfig/node10': 1.0.12
      '@tsconfig/node12': 1.0.11
      '@tsconfig/node14': 1.0.3
      '@tsconfig/node16': 1.0.4
      '@types/node': 25.5.0
      acorn: 8.16.0
      acorn-walk: 8.3.5
      arg: 4.1.3
      create-require: 1.1.1
      diff: 4.0.4
      make-error: 1.3.6
      typescript: 5.9.3
      v8-compile-cache-lib: 3.0.1
      yn: 3.1.1

  type-is@2.0.1:
    dependencies:
      content-type: 1.0.5
      media-typer: 1.1.0
      mime-types: 3.0.2

  typescript@5.9.3: {}

  undici-types@7.18.2: {}

  unpipe@1.0.0: {}

  v8-compile-cache-lib@3.0.1: {}

  valibot@1.2.0(typescript@5.9.3):
    optionalDependencies:
      typescript: 5.9.3

  vary@1.1.2: {}

  which@2.0.2:
    dependencies:
      isexe: 2.0.0

  wrap-ansi@7.0.0:
    dependencies:
      ansi-styles: 4.3.0
      string-width: 4.2.3
      strip-ansi: 6.0.1

  wrappy@1.0.2: {}

  xtend@4.0.2: {}

  y18n@5.0.8: {}

  yargs-parser@21.1.1: {}

  yargs@17.7.2:
    dependencies:
      cliui: 8.0.1
      escalade: 3.2.0
      get-caller-file: 2.0.5
      require-directory: 2.1.1
      string-width: 4.2.3
      y18n: 5.0.8
      yargs-parser: 21.1.1

  yn@3.1.1: {}

  zeptomatch@2.1.0:
    dependencies:
      grammex: 3.1.12
      graphmatch: 1.1.1
